
Microsoft Visual Studio Solution File, Format Version 12.00
# Visual Studio Version 16
VisualStudioVersion = 16.0.29905.134
MinimumVisualStudioVersion = 10.0.40219.1
Project("{FAE04EC0-301F-11D3-BF4B-00C04F79EFBC}") = "DAWB", "DAWB\DAWB.csproj", "{D0DD1325-CDF9-4B54-83EF-47EB14316571}"
EndProject
Project("{FAE04EC0-301F-11D3-BF4B-00C04F79EFBC}") = "AttackDsl", "AttackDsl\AttackDsl.csproj", "{94B97A1D-00D8-44CD-885C-487C1154F68C}"
EndProject
Project("{FAE04EC0-301F-11D3-BF4B-00C04F79EFBC}") = "AttackDslPackage", "AttackDslPackage\AttackDslPackage.csproj", "{FB73D5CF-12A0-4879-8976-28ADEE8E6A7F}"
EndProject
Project("{FAE04EC0-301F-11D3-BF4B-00C04F79EFBC}") = "AttackTestBed", "AttackTestBed\AttackTestBed.csproj", "{147571D6-3F0B-40C7-9F68-1F3057ADB3F3}"
EndProject
Project("{FAE04EC0-301F-11D3-BF4B-00C04F79EFBC}") = "AttackToProlog", "AttackToProlog\AttackToProlog.csproj", "{26562633-CF42-4A22-932B-E676D3879EB4}"
EndProject
Project("{FAE04EC0-301F-11D3-BF4B-00C04F79EFBC}") = "RiskDsl", "RiskDsl\RiskDsl.csproj", "{76FD8C02-9D0E-40DD-AB94-FF12EA69E391}"
EndProject
Project("{FAE04EC0-301F-11D3-BF4B-00C04F79EFBC}") = "RiskDslPackage", "RiskDslPackage\RiskDslPackage.csproj", "{C30DA7DB-2CBB-44FA-99FB-43587AAF4E62}"
EndProject
Project("{FAE04EC0-301F-11D3-BF4B-00C04F79EFBC}") = "TestRisk", "RiskTestbed\TestRisk.csproj", "{9E12641D-E067-4320-AE55-85BCAF7146F2}"
EndProject
Project("{FAE04EC0-301F-11D3-BF4B-00C04F79EFBC}") = "RiskToProlog", "RiskToProlog\RiskToProlog.csproj", "{CFF229EF-95DB-4155-A526-80D3A53EE304}"
EndProject
Project("{FAE04EC0-301F-11D3-BF4B-00C04F79EFBC}") = "DAWBHost", "DAWBHost\DAWBHost.csproj", "{A997BC77-3CAD-4A52-87DB-8903B6121F34}"
EndProject
Project("{FAE04EC0-301F-11D3-BF4B-00C04F79EFBC}") = "GenProlog", "GenProlog\GenProlog.csproj", "{A973963F-0DA4-485B-9F8C-B3567210E67B}"
EndProject
Project("{FAE04EC0-301F-11D3-BF4B-00C04F79EFBC}") = "DAWBMenus", "DAWBMenus\DAWBMenus.csproj", "{125851AC-27D2-459A-95D9-2631AE657510}"
EndProject
Global
	GlobalSection(SolutionConfigurationPlatforms) = preSolution
		Debug|Any CPU = Debug|Any CPU
		Release|Any CPU = Release|Any CPU
	EndGlobalSection
	GlobalSection(ProjectConfigurationPlatforms) = postSolution
		{D0DD1325-CDF9-4B54-83EF-47EB14316571}.Debug|Any CPU.ActiveCfg = Debug|Any CPU
		{D0DD1325-CDF9-4B54-83EF-47EB14316571}.Debug|Any CPU.Build.0 = Debug|Any CPU
		{D0DD1325-CDF9-4B54-83EF-47EB14316571}.Release|Any CPU.ActiveCfg = Release|Any CPU
		{D0DD1325-CDF9-4B54-83EF-47EB14316571}.Release|Any CPU.Build.0 = Release|Any CPU
		{94B97A1D-00D8-44CD-885C-487C1154F68C}.Debug|Any CPU.ActiveCfg = Debug|Any CPU
		{94B97A1D-00D8-44CD-885C-487C1154F68C}.Debug|Any CPU.Build.0 = Debug|Any CPU
		{94B97A1D-00D8-44CD-885C-487C1154F68C}.Release|Any CPU.ActiveCfg = Release|Any CPU
		{94B97A1D-00D8-44CD-885C-487C1154F68C}.Release|Any CPU.Build.0 = Release|Any CPU
		{FB73D5CF-12A0-4879-8976-28ADEE8E6A7F}.Debug|Any CPU.ActiveCfg = Debug|Any CPU
		{FB73D5CF-12A0-4879-8976-28ADEE8E6A7F}.Debug|Any CPU.Build.0 = Debug|Any CPU
		{FB73D5CF-12A0-4879-8976-28ADEE8E6A7F}.Release|Any CPU.ActiveCfg = Release|Any CPU
		{FB73D5CF-12A0-4879-8976-28ADEE8E6A7F}.Release|Any CPU.Build.0 = Release|Any CPU
		{147571D6-3F0B-40C7-9F68-1F3057ADB3F3}.Debug|Any CPU.ActiveCfg = Debug|Any CPU
		{147571D6-3F0B-40C7-9F68-1F3057ADB3F3}.Release|Any CPU.ActiveCfg = Release|Any CPU
		{147571D6-3F0B-40C7-9F68-1F3057ADB3F3}.Release|Any CPU.Build.0 = Release|Any CPU
		{26562633-CF42-4A22-932B-E676D3879EB4}.Debug|Any CPU.ActiveCfg = Debug|Any CPU
		{26562633-CF42-4A22-932B-E676D3879EB4}.Release|Any CPU.ActiveCfg = Release|Any CPU
		{26562633-CF42-4A22-932B-E676D3879EB4}.Release|Any CPU.Build.0 = Release|Any CPU
		{76FD8C02-9D0E-40DD-AB94-FF12EA69E391}.Debug|Any CPU.ActiveCfg = Debug|Any CPU
		{76FD8C02-9D0E-40DD-AB94-FF12EA69E391}.Debug|Any CPU.Build.0 = Debug|Any CPU
		{76FD8C02-9D0E-40DD-AB94-FF12EA69E391}.Release|Any CPU.ActiveCfg = Release|Any CPU
		{76FD8C02-9D0E-40DD-AB94-FF12EA69E391}.Release|Any CPU.Build.0 = Release|Any CPU
		{C30DA7DB-2CBB-44FA-99FB-43587AAF4E62}.Debug|Any CPU.ActiveCfg = Debug|Any CPU
		{C30DA7DB-2CBB-44FA-99FB-43587AAF4E62}.Debug|Any CPU.Build.0 = Debug|Any CPU
		{C30DA7DB-2CBB-44FA-99FB-43587AAF4E62}.Release|Any CPU.ActiveCfg = Release|Any CPU
		{C30DA7DB-2CBB-44FA-99FB-43587AAF4E62}.Release|Any CPU.Build.0 = Release|Any CPU
		{9E12641D-E067-4320-AE55-85BCAF7146F2}.Debug|Any CPU.ActiveCfg = Debug|Any CPU
		{9E12641D-E067-4320-AE55-85BCAF7146F2}.Release|Any CPU.ActiveCfg = Release|Any CPU
		{9E12641D-E067-4320-AE55-85BCAF7146F2}.Release|Any CPU.Build.0 = Release|Any CPU
		{CFF229EF-95DB-4155-A526-80D3A53EE304}.Debug|Any CPU.ActiveCfg = Debug|Any CPU
		{CFF229EF-95DB-4155-A526-80D3A53EE304}.Release|Any CPU.ActiveCfg = Release|Any CPU
		{CFF229EF-95DB-4155-A526-80D3A53EE304}.Release|Any CPU.Build.0 = Release|Any CPU
		{A997BC77-3CAD-4A52-87DB-8903B6121F34}.Debug|Any CPU.ActiveCfg = Debug|Any CPU
		{A997BC77-3CAD-4A52-87DB-8903B6121F34}.Debug|Any CPU.Build.0 = Debug|Any CPU
		{A997BC77-3CAD-4A52-87DB-8903B6121F34}.Release|Any CPU.ActiveCfg = Release|Any CPU
		{A997BC77-3CAD-4A52-87DB-8903B6121F34}.Release|Any CPU.Build.0 = Release|Any CPU
		{A973963F-0DA4-485B-9F8C-B3567210E67B}.Debug|Any CPU.ActiveCfg = Debug|Any CPU
		{A973963F-0DA4-485B-9F8C-B3567210E67B}.Debug|Any CPU.Build.0 = Debug|Any CPU
		{A973963F-0DA4-485B-9F8C-B3567210E67B}.Release|Any CPU.ActiveCfg = Release|Any CPU
		{A973963F-0DA4-485B-9F8C-B3567210E67B}.Release|Any CPU.Build.0 = Release|Any CPU
		{125851AC-27D2-459A-95D9-2631AE657510}.Debug|Any CPU.ActiveCfg = Debug|Any CPU
		{125851AC-27D2-459A-95D9-2631AE657510}.Debug|Any CPU.Build.0 = Debug|Any CPU
		{125851AC-27D2-459A-95D9-2631AE657510}.Release|Any CPU.ActiveCfg = Release|Any CPU
		{125851AC-27D2-459A-95D9-2631AE657510}.Release|Any CPU.Build.0 = Release|Any CPU
	EndGlobalSection
	GlobalSection(SolutionProperties) = preSolution
		HideSolutionNode = FALSE
	EndGlobalSection
	GlobalSection(ExtensibilityGlobals) = postSolution
		SolutionGuid = {6B1C0A21-6328-46FE-974F-A72F43D39C86}
	EndGlobalSection
EndGlobal
