
Microsoft Visual Studio Solution File, Format Version 12.00
# Visual Studio Version 16
VisualStudioVersion = 16.0.29709.97
MinimumVisualStudioVersion = 10.0.40219.1
Project("{FAE04EC0-301F-11D3-BF4B-00C04F79EFBC}") = "RiskDsl", "Dsl\RiskDsl.csproj", "{76FD8C02-9D0E-40DD-AB94-FF12EA69E391}"
EndProject
Project("{FAE04EC0-301F-11D3-BF4B-00C04F79EFBC}") = "RiskDslPackage", "DslPackage\RiskDslPackage.csproj", "{C30DA7DB-2CBB-44FA-99FB-43587AAF4E62}"
EndProject
Project("{FAE04EC0-301F-11D3-BF4B-00C04F79EFBC}") = "RiskToProlog", "RiskToProlog\RiskToProlog.csproj", "{CFF229EF-95DB-4155-A526-80D3A53EE304}"
EndProject
Global
	GlobalSection(SolutionConfigurationPlatforms) = preSolution
		Debug|Any CPU = Debug|Any CPU
		Release|Any CPU = Release|Any CPU
	EndGlobalSection
	GlobalSection(ProjectConfigurationPlatforms) = postSolution
		{76FD8C02-9D0E-40DD-AB94-FF12EA69E391}.Debug|Any CPU.ActiveCfg = Debug|Any CPU
		{76FD8C02-9D0E-40DD-AB94-FF12EA69E391}.Debug|Any CPU.Build.0 = Debug|Any CPU
		{76FD8C02-9D0E-40DD-AB94-FF12EA69E391}.Release|Any CPU.ActiveCfg = Release|Any CPU
		{76FD8C02-9D0E-40DD-AB94-FF12EA69E391}.Release|Any CPU.Build.0 = Release|Any CPU
		{C30DA7DB-2CBB-44FA-99FB-43587AAF4E62}.Debug|Any CPU.ActiveCfg = Debug|Any CPU
		{C30DA7DB-2CBB-44FA-99FB-43587AAF4E62}.Debug|Any CPU.Build.0 = Debug|Any CPU
		{C30DA7DB-2CBB-44FA-99FB-43587AAF4E62}.Release|Any CPU.ActiveCfg = Release|Any CPU
		{C30DA7DB-2CBB-44FA-99FB-43587AAF4E62}.Release|Any CPU.Build.0 = Release|Any CPU
		{CFF229EF-95DB-4155-A526-80D3A53EE304}.Debug|Any CPU.ActiveCfg = Debug|Any CPU
		{CFF229EF-95DB-4155-A526-80D3A53EE304}.Debug|Any CPU.Build.0 = Debug|Any CPU
		{CFF229EF-95DB-4155-A526-80D3A53EE304}.Release|Any CPU.ActiveCfg = Release|Any CPU
		{CFF229EF-95DB-4155-A526-80D3A53EE304}.Release|Any CPU.Build.0 = Release|Any CPU
	EndGlobalSection
	GlobalSection(SolutionProperties) = preSolution
		HideSolutionNode = FALSE
	EndGlobalSection
	GlobalSection(ExtensibilityGlobals) = postSolution
		SolutionGuid = {FD5D5590-11D4-49B8-94CF-E60DFA28ED8C}
	EndGlobalSection
EndGlobal
